
Microsoft Visual Studio Solution File, Format Version 12.00
Project("{FAE04EC0-301F-11D3-BF4B-00C04F79EFBC}") = "Order.API", "Order.API\Order.API.csproj", "{7DA6573C-3BA7-4F71-B9B0-647516A00446}"
EndProject
Project("{FAE04EC0-301F-11D3-BF4B-00C04F79EFBC}") = "OpenTelemetry.Shared", "OpenTelemetry.Shared\OpenTelemetry.Shared.csproj", "{38B47907-7D94-4373-847B-E14F661FC877}"
EndProject
Project("{FAE04EC0-301F-11D3-BF4B-00C04F79EFBC}") = "Common.Shared", "Common.Shared\Common.Shared.csproj", "{12EA0434-AA79-4826-828C-3BF388245EAF}"
EndProject
Project("{FAE04EC0-301F-11D3-BF4B-00C04F79EFBC}") = "Stock.API", "Stock.API\Stock.API.csproj", "{9325C940-9BD5-4D5D-A4F7-FEEA7AF9F8FD}"
EndProject
Project("{FAE04EC0-301F-11D3-BF4B-00C04F79EFBC}") = "Payment.API", "Payment.API\Payment.API.csproj", "{31072EF0-CFCA-4928-8A7E-4E343CC052D3}"
EndProject
Project("{FAE04EC0-301F-11D3-BF4B-00C04F79EFBC}") = "Log.Shared", "Log.Shared\Log.Shared.csproj", "{C7EABDBE-754A-4005-8CD1-B43CBDDBAD29}"
EndProject
Global
	GlobalSection(SolutionConfigurationPlatforms) = preSolution
		Debug|Any CPU = Debug|Any CPU
		Release|Any CPU = Release|Any CPU
	EndGlobalSection
	GlobalSection(ProjectConfigurationPlatforms) = postSolution
		{7DA6573C-3BA7-4F71-B9B0-647516A00446}.Debug|Any CPU.ActiveCfg = Debug|Any CPU
		{7DA6573C-3BA7-4F71-B9B0-647516A00446}.Debug|Any CPU.Build.0 = Debug|Any CPU
		{7DA6573C-3BA7-4F71-B9B0-647516A00446}.Release|Any CPU.ActiveCfg = Release|Any CPU
		{7DA6573C-3BA7-4F71-B9B0-647516A00446}.Release|Any CPU.Build.0 = Release|Any CPU
		{38B47907-7D94-4373-847B-E14F661FC877}.Debug|Any CPU.ActiveCfg = Debug|Any CPU
		{38B47907-7D94-4373-847B-E14F661FC877}.Debug|Any CPU.Build.0 = Debug|Any CPU
		{38B47907-7D94-4373-847B-E14F661FC877}.Release|Any CPU.ActiveCfg = Release|Any CPU
		{38B47907-7D94-4373-847B-E14F661FC877}.Release|Any CPU.Build.0 = Release|Any CPU
		{12EA0434-AA79-4826-828C-3BF388245EAF}.Debug|Any CPU.ActiveCfg = Debug|Any CPU
		{12EA0434-AA79-4826-828C-3BF388245EAF}.Debug|Any CPU.Build.0 = Debug|Any CPU
		{12EA0434-AA79-4826-828C-3BF388245EAF}.Release|Any CPU.ActiveCfg = Release|Any CPU
		{12EA0434-AA79-4826-828C-3BF388245EAF}.Release|Any CPU.Build.0 = Release|Any CPU
		{9325C940-9BD5-4D5D-A4F7-FEEA7AF9F8FD}.Debug|Any CPU.ActiveCfg = Debug|Any CPU
		{9325C940-9BD5-4D5D-A4F7-FEEA7AF9F8FD}.Debug|Any CPU.Build.0 = Debug|Any CPU
		{9325C940-9BD5-4D5D-A4F7-FEEA7AF9F8FD}.Release|Any CPU.ActiveCfg = Release|Any CPU
		{9325C940-9BD5-4D5D-A4F7-FEEA7AF9F8FD}.Release|Any CPU.Build.0 = Release|Any CPU
		{31072EF0-CFCA-4928-8A7E-4E343CC052D3}.Debug|Any CPU.ActiveCfg = Debug|Any CPU
		{31072EF0-CFCA-4928-8A7E-4E343CC052D3}.Debug|Any CPU.Build.0 = Debug|Any CPU
		{31072EF0-CFCA-4928-8A7E-4E343CC052D3}.Release|Any CPU.ActiveCfg = Release|Any CPU
		{31072EF0-CFCA-4928-8A7E-4E343CC052D3}.Release|Any CPU.Build.0 = Release|Any CPU
		{C7EABDBE-754A-4005-8CD1-B43CBDDBAD29}.Debug|Any CPU.ActiveCfg = Debug|Any CPU
		{C7EABDBE-754A-4005-8CD1-B43CBDDBAD29}.Debug|Any CPU.Build.0 = Debug|Any CPU
		{C7EABDBE-754A-4005-8CD1-B43CBDDBAD29}.Release|Any CPU.ActiveCfg = Release|Any CPU
		{C7EABDBE-754A-4005-8CD1-B43CBDDBAD29}.Release|Any CPU.Build.0 = Release|Any CPU
	EndGlobalSection
EndGlobal
